
Microsoft Visual Studio Solution File, Format Version 12.00
# Visual Studio 14
VisualStudioVersion = 14.0.25420.1
MinimumVisualStudioVersion = 10.0.40219.1
Project("{FAE04EC0-301F-11D3-BF4B-00C04F79EFBC}") = "Geolocation", "Geolocation\Geolocation.csproj", "{5B8B81AA-7F84-4547-BE17-76BA10A67096}"
EndProject
Project("{FAE04EC0-301F-11D3-BF4B-00C04F79EFBC}") = "Geolocation.UnitTests", "Geolocation.UnitTests\Geolocation.UnitTests.csproj", "{752B423B-D981-4C75-B3EA-C2CBF49EFAFB}"
EndProject
Project("{FAE04EC0-301F-11D3-BF4B-00C04F79EFBC}") = "Geolocation.Example", "Geolocation.Example\Geolocation.Example.csproj", "{4A0EA361-EF84-4AE5-BA1C-312F507AD10E}"
EndProject
Global
	GlobalSection(SolutionConfigurationPlatforms) = preSolution
		Debug|Any CPU = Debug|Any CPU
		Release|Any CPU = Release|Any CPU
	EndGlobalSection
	GlobalSection(ProjectConfigurationPlatforms) = postSolution
		{5B8B81AA-7F84-4547-BE17-76BA10A67096}.Debug|Any CPU.ActiveCfg = Debug|Any CPU
		{5B8B81AA-7F84-4547-BE17-76BA10A67096}.Debug|Any CPU.Build.0 = Debug|Any CPU
		{5B8B81AA-7F84-4547-BE17-76BA10A67096}.Release|Any CPU.ActiveCfg = Release|Any CPU
		{5B8B81AA-7F84-4547-BE17-76BA10A67096}.Release|Any CPU.Build.0 = Release|Any CPU
		{752B423B-D981-4C75-B3EA-C2CBF49EFAFB}.Debug|Any CPU.ActiveCfg = Debug|Any CPU
		{752B423B-D981-4C75-B3EA-C2CBF49EFAFB}.Debug|Any CPU.Build.0 = Debug|Any CPU
		{752B423B-D981-4C75-B3EA-C2CBF49EFAFB}.Release|Any CPU.ActiveCfg = Release|Any CPU
		{752B423B-D981-4C75-B3EA-C2CBF49EFAFB}.Release|Any CPU.Build.0 = Release|Any CPU
		{4A0EA361-EF84-4AE5-BA1C-312F507AD10E}.Debug|Any CPU.ActiveCfg = Debug|Any CPU
		{4A0EA361-EF84-4AE5-BA1C-312F507AD10E}.Debug|Any CPU.Build.0 = Debug|Any CPU
		{4A0EA361-EF84-4AE5-BA1C-312F507AD10E}.Release|Any CPU.ActiveCfg = Release|Any CPU
		{4A0EA361-EF84-4AE5-BA1C-312F507AD10E}.Release|Any CPU.Build.0 = Release|Any CPU
	EndGlobalSection
	GlobalSection(SolutionProperties) = preSolution
		HideSolutionNode = FALSE
	EndGlobalSection
EndGlobal
